
Microsoft Visual Studio Solution File, Format Version 12.00
# Visual Studio 14
VisualStudioVersion = 14.0.25420.1
MinimumVisualStudioVersion = 10.0.40219.1
Project("{FAE04EC0-301F-11D3-BF4B-00C04F79EFBC}") = "ZenithWebSite", "ZenithSociety\ZenithWebSite.csproj", "{F79F1E71-2321-4DFD-ACEE-2C1A35FB03AA}"
EndProject
Project("{FAE04EC0-301F-11D3-BF4B-00C04F79EFBC}") = "ZenithDataLib", "ZenithDataLib\ZenithDataLib.csproj", "{FBB5F6D0-8D98-45B7-A15F-485E3FD4DB8E}"
EndProject
Global
	GlobalSection(SolutionConfigurationPlatforms) = preSolution
		Debug|Any CPU = Debug|Any CPU
		Release|Any CPU = Release|Any CPU
	EndGlobalSection
	GlobalSection(ProjectConfigurationPlatforms) = postSolution
		{F79F1E71-2321-4DFD-ACEE-2C1A35FB03AA}.Debug|Any CPU.ActiveCfg = Debug|Any CPU
		{F79F1E71-2321-4DFD-ACEE-2C1A35FB03AA}.Debug|Any CPU.Build.0 = Debug|Any CPU
		{F79F1E71-2321-4DFD-ACEE-2C1A35FB03AA}.Release|Any CPU.ActiveCfg = Release|Any CPU
		{F79F1E71-2321-4DFD-ACEE-2C1A35FB03AA}.Release|Any CPU.Build.0 = Release|Any CPU
		{FBB5F6D0-8D98-45B7-A15F-485E3FD4DB8E}.Debug|Any CPU.ActiveCfg = Debug|Any CPU
		{FBB5F6D0-8D98-45B7-A15F-485E3FD4DB8E}.Debug|Any CPU.Build.0 = Debug|Any CPU
		{FBB5F6D0-8D98-45B7-A15F-485E3FD4DB8E}.Release|Any CPU.ActiveCfg = Release|Any CPU
		{FBB5F6D0-8D98-45B7-A15F-485E3FD4DB8E}.Release|Any CPU.Build.0 = Release|Any CPU
	EndGlobalSection
	GlobalSection(SolutionProperties) = preSolution
		HideSolutionNode = FALSE
	EndGlobalSection
EndGlobal
